
Microsoft Visual Studio Solution File, Format Version 12.00
# Visual Studio Version 16
VisualStudioVersion = 16.0.31205.134
MinimumVisualStudioVersion = 10.0.40219.1
Project("{FAE04EC0-301F-11D3-BF4B-00C04F79EFBC}") = "WCFEbayClient", "WCFEbayClient.csproj", "{5CC6982B-1383-4328-BDC8-ECED69D39D39}"
EndProject
Global
	GlobalSection(SolutionConfigurationPlatforms) = preSolution
		Debug|Any CPU = Debug|Any CPU
		Release|Any CPU = Release|Any CPU
	EndGlobalSection
	GlobalSection(ProjectConfigurationPlatforms) = postSolution
		{5CC6982B-1383-4328-BDC8-ECED69D39D39}.Debug|Any CPU.ActiveCfg = Debug|Any CPU
		{5CC6982B-1383-4328-BDC8-ECED69D39D39}.Debug|Any CPU.Build.0 = Debug|Any CPU
		{5CC6982B-1383-4328-BDC8-ECED69D39D39}.Release|Any CPU.ActiveCfg = Release|Any CPU
		{5CC6982B-1383-4328-BDC8-ECED69D39D39}.Release|Any CPU.Build.0 = Release|Any CPU
	EndGlobalSection
	GlobalSection(SolutionProperties) = preSolution
		HideSolutionNode = FALSE
	EndGlobalSection
	GlobalSection(ExtensibilityGlobals) = postSolution
		SolutionGuid = {C9347AEE-3E64-4334-BB11-F1C4021885B9}
	EndGlobalSection
EndGlobal
